
Microsoft Visual Studio Solution File, Format Version 12.00
# Visual Studio 15
VisualStudioVersion = 15.0.26124.0
MinimumVisualStudioVersion = 15.0.26124.0
Project("{FAE04EC0-301F-11D3-BF4B-00C04F79EFBC}") = "OCI.PSModules.Analytics", "Analytics\OCI.PSModules.Analytics.csproj", "{4A6DF019-8AAE-457A-B4A5-9FCE038B52E1}"
EndProject
Project("{FAE04EC0-301F-11D3-BF4B-00C04F79EFBC}") = "OCI.PSModules.Announcementsservice", "Announcementsservice\OCI.PSModules.Announcementsservice.csproj", "{D7CE8340-6E9A-41BB-A648-0D101BFAAFF5}"
EndProject
Project("{FAE04EC0-301F-11D3-BF4B-00C04F79EFBC}") = "OCI.PSModules.Apigateway", "Apigateway\OCI.PSModules.Apigateway.csproj", "{D8C6CC71-C908-4B01-9484-0B272D2AF590}"
EndProject
Project("{FAE04EC0-301F-11D3-BF4B-00C04F79EFBC}") = "OCI.PSModules.Applicationmigration", "Applicationmigration\OCI.PSModules.Applicationmigration.csproj", "{D0485C5A-BB55-4C5F-9A71-C395AA331FCA}"
EndProject
Project("{FAE04EC0-301F-11D3-BF4B-00C04F79EFBC}") = "OCI.PSModules.Audit", "Audit\OCI.PSModules.Audit.csproj", "{459F4B5B-1433-42D7-9458-B9059563C42D}"
EndProject
Project("{FAE04EC0-301F-11D3-BF4B-00C04F79EFBC}") = "OCI.PSModules.Autoscaling", "Autoscaling\OCI.PSModules.Autoscaling.csproj", "{C35A771A-5D37-485C-A5E0-3698DE1847DB}"
EndProject
Project("{FAE04EC0-301F-11D3-BF4B-00C04F79EFBC}") = "OCI.PSModules.Bds", "Bds\OCI.PSModules.Bds.csproj", "{0BAB2539-EC1D-4245-903A-0D7C5B767596}"
EndProject
Project("{FAE04EC0-301F-11D3-BF4B-00C04F79EFBC}") = "OCI.PSModules.Budget", "Budget\OCI.PSModules.Budget.csproj", "{A02B2B35-A5C7-4603-AE84-146D0174EF35}"
EndProject
Project("{FAE04EC0-301F-11D3-BF4B-00C04F79EFBC}") = "OCI.PSModules.Cims", "Cims\OCI.PSModules.Cims.csproj", "{FC945B79-4828-4395-B7FC-973B7000F834}"
EndProject
Project("{FAE04EC0-301F-11D3-BF4B-00C04F79EFBC}") = "OCI.PSModules.Common", "Common\OCI.PSModules.Common.csproj", "{739DED13-85F9-49ED-AAD3-D4F7B1E4E93F}"
EndProject
Project("{FAE04EC0-301F-11D3-BF4B-00C04F79EFBC}") = "OCI.PSModules.Containerengine", "Containerengine\OCI.PSModules.Containerengine.csproj", "{96801CAE-7D05-42BC-A1AC-6F11BA6617F7}"
EndProject
Project("{FAE04EC0-301F-11D3-BF4B-00C04F79EFBC}") = "OCI.PSModules.Core", "Core\OCI.PSModules.Core.csproj", "{5C79E28F-4FF0-460E-AB88-7F0363A09FAA}"
EndProject
Project("{FAE04EC0-301F-11D3-BF4B-00C04F79EFBC}") = "OCI.PSModules.Database", "Database\OCI.PSModules.Database.csproj", "{B4782629-E1E6-4464-A6FF-91E46E14594B}"
EndProject
Project("{FAE04EC0-301F-11D3-BF4B-00C04F79EFBC}") = "OCI.PSModules.Datacatalog", "Datacatalog\OCI.PSModules.Datacatalog.csproj", "{C499FEE2-3698-4A4E-B8F8-614AA3B98CA6}"
EndProject
Project("{FAE04EC0-301F-11D3-BF4B-00C04F79EFBC}") = "OCI.PSModules.Dataflow", "Dataflow\OCI.PSModules.Dataflow.csproj", "{6F598B5F-3B8F-463E-8BE0-9C3FEF793B64}"
EndProject
Project("{FAE04EC0-301F-11D3-BF4B-00C04F79EFBC}") = "OCI.PSModules.Datasafe", "Datasafe\OCI.PSModules.Datasafe.csproj", "{D32C312D-D04C-4F58-8DD5-2308EEF9B640}"
EndProject
Project("{FAE04EC0-301F-11D3-BF4B-00C04F79EFBC}") = "OCI.PSModules.Datascience", "Datascience\OCI.PSModules.Datascience.csproj", "{575EA6EE-911F-4ECD-82F2-4414060957BD}"
EndProject
Project("{FAE04EC0-301F-11D3-BF4B-00C04F79EFBC}") = "OCI.PSModules.Dns", "Dns\OCI.PSModules.Dns.csproj", "{30967C25-7BB7-436D-BC7A-CCF27CFE4528}"
EndProject
Project("{FAE04EC0-301F-11D3-BF4B-00C04F79EFBC}") = "OCI.PSModules.Dts", "Dts\OCI.PSModules.Dts.csproj", "{DDD4F320-7D93-475B-AFBD-75ADA1554366}"
EndProject
Project("{FAE04EC0-301F-11D3-BF4B-00C04F79EFBC}") = "OCI.PSModules.Email", "Email\OCI.PSModules.Email.csproj", "{8D3F9DEE-C004-4A42-B8F5-DBF6150D0E88}"
EndProject
Project("{FAE04EC0-301F-11D3-BF4B-00C04F79EFBC}") = "OCI.PSModules.Events", "Events\OCI.PSModules.Events.csproj", "{9019CDAD-78F0-4109-A49A-CEEC5FE05BD4}"
EndProject
Project("{FAE04EC0-301F-11D3-BF4B-00C04F79EFBC}") = "OCI.PSModules.Filestorage", "Filestorage\OCI.PSModules.Filestorage.csproj", "{8BE14C0E-BCD5-45FF-9554-78B8D4A8AE94}"
EndProject
Project("{FAE04EC0-301F-11D3-BF4B-00C04F79EFBC}") = "OCI.PSModules.Functions", "Functions\OCI.PSModules.Functions.csproj", "{6844F122-ADC6-4CA9-9609-7DAB989EB8EE}"
EndProject
Project("{FAE04EC0-301F-11D3-BF4B-00C04F79EFBC}") = "OCI.PSModules.Healthchecks", "Healthchecks\OCI.PSModules.Healthchecks.csproj", "{EED4253C-F27C-4E20-B45B-D7B228EEFFC7}"
EndProject
Project("{FAE04EC0-301F-11D3-BF4B-00C04F79EFBC}") = "OCI.PSModules.Identity", "Identity\OCI.PSModules.Identity.csproj", "{257AF384-A737-4780-AB07-E17CC32BC242}"
EndProject
Project("{FAE04EC0-301F-11D3-BF4B-00C04F79EFBC}") = "OCI.PSModules.Integration", "Integration\OCI.PSModules.Integration.csproj", "{4B5D837F-5ABC-4913-AE32-EE276EDD9E06}"
EndProject
Project("{FAE04EC0-301F-11D3-BF4B-00C04F79EFBC}") = "OCI.PSModules.Keymanagement", "Keymanagement\OCI.PSModules.Keymanagement.csproj", "{B7478A65-4F92-44FE-87A6-F101BC9A0ECF}"
EndProject
Project("{FAE04EC0-301F-11D3-BF4B-00C04F79EFBC}") = "OCI.PSModules.Limits", "Limits\OCI.PSModules.Limits.csproj", "{17F90287-0FCB-4EE0-AB84-BE451B3184B8}"
EndProject
Project("{FAE04EC0-301F-11D3-BF4B-00C04F79EFBC}") = "OCI.PSModules.Loadbalancer", "Loadbalancer\OCI.PSModules.Loadbalancer.csproj", "{B705F1DF-FC96-40EE-9B4B-B70E043D8CBA}"
EndProject
Project("{FAE04EC0-301F-11D3-BF4B-00C04F79EFBC}") = "OCI.PSModules.Marketplace", "Marketplace\OCI.PSModules.Marketplace.csproj", "{B638B533-6F4D-42B4-93E6-A240E15997EF}"
EndProject
Project("{FAE04EC0-301F-11D3-BF4B-00C04F79EFBC}") = "OCI.PSModules.Monitoring", "Monitoring\OCI.PSModules.Monitoring.csproj", "{F7E6835E-4A27-4543-94D2-C6108CBEB655}"
EndProject
Project("{FAE04EC0-301F-11D3-BF4B-00C04F79EFBC}") = "OCI.PSModules.Mysql", "Mysql\OCI.PSModules.Mysql.csproj", "{327FD3F2-529C-439C-AEB5-C7EADCB6B5F0}"
EndProject
Project("{FAE04EC0-301F-11D3-BF4B-00C04F79EFBC}") = "OCI.PSModules.Nosql", "Nosql\OCI.PSModules.Nosql.csproj", "{E07AE4D3-1B73-4FE2-A4C9-1B43697E9865}"
EndProject
Project("{FAE04EC0-301F-11D3-BF4B-00C04F79EFBC}") = "OCI.PSModules.Objectstorage", "Objectstorage\OCI.PSModules.Objectstorage.csproj", "{14064CC3-C6DC-44FC-B62C-958337C5269E}"
EndProject
Project("{FAE04EC0-301F-11D3-BF4B-00C04F79EFBC}") = "OCI.PSModules.Oce", "Oce\OCI.PSModules.Oce.csproj", "{E5C986CB-7EAF-40ED-A4D1-8BE6E69E9517}"
EndProject
Project("{FAE04EC0-301F-11D3-BF4B-00C04F79EFBC}") = "OCI.PSModules.Oda", "Oda\OCI.PSModules.Oda.csproj", "{EF93A113-06AB-4A22-95E2-DA36E888A152}"
EndProject
Project("{FAE04EC0-301F-11D3-BF4B-00C04F79EFBC}") = "OCI.PSModules.Ons", "Ons\OCI.PSModules.Ons.csproj", "{614BD08D-35DC-4D18-A0C3-E9D0F277F625}"
EndProject
Project("{FAE04EC0-301F-11D3-BF4B-00C04F79EFBC}") = "OCI.PSModules.Osmanagement", "Osmanagement\OCI.PSModules.Osmanagement.csproj", "{9F9A13F6-BFBD-473D-8329-80922852EBF8}"
EndProject
Project("{FAE04EC0-301F-11D3-BF4B-00C04F79EFBC}") = "OCI.PSModules.Resourcemanager", "Resourcemanager\OCI.PSModules.Resourcemanager.csproj", "{F787FE52-F998-4591-B9C6-FCC3789318C1}"
EndProject
Project("{FAE04EC0-301F-11D3-BF4B-00C04F79EFBC}") = "OCI.PSModules.Resourcesearch", "Resourcesearch\OCI.PSModules.Resourcesearch.csproj", "{A82D4A5E-0187-4E9A-813B-12DEF2C7CF46}"
EndProject
Project("{sFAE04EC0-301F-11D3-BF4B-00C04F79EFBC}") = "OCI.PSModules.Secrets", "Secrets\OCI.PSModules.Secrets.csproj", "{F466008E-9615-4F89-B163-00EC236F04EF}"
EndProject
Project("{FAE04EC0-301F-11D3-BF4B-00C04F79EFBC}") = "OCI.PSModules.Streaming", "Streaming\OCI.PSModules.Streaming.csproj", "{04590B3A-A47D-4680-A2B9-B664608512EE}"
EndProject
Project("{FAE04EC0-301F-11D3-BF4B-00C04F79EFBC}") = "OCI.PSModules.Vault", "Vault\OCI.PSModules.Vault.csproj", "{1A082B1C-5DFB-4C77-9B50-06270CA792A3}"
EndProject
Project("{FAE04EC0-301F-11D3-BF4B-00C04F79EFBC}") = "OCI.PSModules.Waas", "Waas\OCI.PSModules.Waas.csproj", "{F8A1C128-E5ED-4672-BEC6-640720B56925}"
EndProject
Project("{FAE04EC0-301F-11D3-BF4B-00C04F79EFBC}") = "OCI.PSModules.Workrequests", "Workrequests\OCI.PSModules.Workrequests.csproj", "{BF37A401-1ADF-4B94-9DE7-3BBA83B0C393}"
EndProject
Project("{FAE04EC0-301F-11D3-BF4B-00C04F79EFBC}") = "OCI.PSModules.Ocvp", "Ocvp\OCI.PSModules.Ocvp.csproj", "{B4EB6E69-4D7E-4F61-AD61-C9A9F16FB836}"
EndProject
Project("{FAE04EC0-301F-11D3-BF4B-00C04F79EFBC}") = "OCI.PSModules.Usageapi", "Usageapi\OCI.PSModules.Usageapi.csproj", "{B9D96FCC-C027-497A-9978-ECEB2634BDE8}"
EndProject
Project("{FAE04EC0-301F-11D3-BF4B-00C04F79EFBC}") = "OCI.PSModules.Blockchain", "Blockchain\OCI.PSModules.Blockchain.csproj", "{252BC5EF-D345-4441-813E-9BBC0C30648A}"
EndProject
Global
	GlobalSection(SolutionConfigurationPlatforms) = preSolution
		Debug|Any CPU = Debug|Any CPU
		Debug|x64 = Debug|x64
		Debug|x86 = Debug|x86
		Release|Any CPU = Release|Any CPU
		Release|x64 = Release|x64
		Release|x86 = Release|x86
	EndGlobalSection
	GlobalSection(SolutionProperties) = preSolution
		HideSolutionNode = FALSE
	EndGlobalSection
	GlobalSection(ProjectConfigurationPlatforms) = postSolution
		{4A6DF019-8AAE-457A-B4A5-9FCE038B52E1}.Debug|Any CPU.ActiveCfg = Debug|Any CPU
		{4A6DF019-8AAE-457A-B4A5-9FCE038B52E1}.Debug|Any CPU.Build.0 = Debug|Any CPU
		{4A6DF019-8AAE-457A-B4A5-9FCE038B52E1}.Debug|x64.ActiveCfg = Debug|Any CPU
		{4A6DF019-8AAE-457A-B4A5-9FCE038B52E1}.Debug|x64.Build.0 = Debug|Any CPU
		{4A6DF019-8AAE-457A-B4A5-9FCE038B52E1}.Debug|x86.ActiveCfg = Debug|Any CPU
		{4A6DF019-8AAE-457A-B4A5-9FCE038B52E1}.Debug|x86.Build.0 = Debug|Any CPU
		{4A6DF019-8AAE-457A-B4A5-9FCE038B52E1}.Release|Any CPU.ActiveCfg = Release|Any CPU
		{4A6DF019-8AAE-457A-B4A5-9FCE038B52E1}.Release|Any CPU.Build.0 = Release|Any CPU
		{4A6DF019-8AAE-457A-B4A5-9FCE038B52E1}.Release|x64.ActiveCfg = Release|Any CPU
		{4A6DF019-8AAE-457A-B4A5-9FCE038B52E1}.Release|x64.Build.0 = Release|Any CPU
		{4A6DF019-8AAE-457A-B4A5-9FCE038B52E1}.Release|x86.ActiveCfg = Release|Any CPU
		{4A6DF019-8AAE-457A-B4A5-9FCE038B52E1}.Release|x86.Build.0 = Release|Any CPU
		{D7CE8340-6E9A-41BB-A648-0D101BFAAFF5}.Debug|Any CPU.ActiveCfg = Debug|Any CPU
		{D7CE8340-6E9A-41BB-A648-0D101BFAAFF5}.Debug|Any CPU.Build.0 = Debug|Any CPU
		{D7CE8340-6E9A-41BB-A648-0D101BFAAFF5}.Debug|x64.ActiveCfg = Debug|Any CPU
		{D7CE8340-6E9A-41BB-A648-0D101BFAAFF5}.Debug|x64.Build.0 = Debug|Any CPU
		{D7CE8340-6E9A-41BB-A648-0D101BFAAFF5}.Debug|x86.ActiveCfg = Debug|Any CPU
		{D7CE8340-6E9A-41BB-A648-0D101BFAAFF5}.Debug|x86.Build.0 = Debug|Any CPU
		{D7CE8340-6E9A-41BB-A648-0D101BFAAFF5}.Release|Any CPU.ActiveCfg = Release|Any CPU
		{D7CE8340-6E9A-41BB-A648-0D101BFAAFF5}.Release|Any CPU.Build.0 = Release|Any CPU
		{D7CE8340-6E9A-41BB-A648-0D101BFAAFF5}.Release|x64.ActiveCfg = Release|Any CPU
		{D7CE8340-6E9A-41BB-A648-0D101BFAAFF5}.Release|x64.Build.0 = Release|Any CPU
		{D7CE8340-6E9A-41BB-A648-0D101BFAAFF5}.Release|x86.ActiveCfg = Release|Any CPU
		{D7CE8340-6E9A-41BB-A648-0D101BFAAFF5}.Release|x86.Build.0 = Release|Any CPU
		{D8C6CC71-C908-4B01-9484-0B272D2AF590}.Debug|Any CPU.ActiveCfg = Debug|Any CPU
		{D8C6CC71-C908-4B01-9484-0B272D2AF590}.Debug|Any CPU.Build.0 = Debug|Any CPU
		{D8C6CC71-C908-4B01-9484-0B272D2AF590}.Debug|x64.ActiveCfg = Debug|Any CPU
		{D8C6CC71-C908-4B01-9484-0B272D2AF590}.Debug|x64.Build.0 = Debug|Any CPU
		{D8C6CC71-C908-4B01-9484-0B272D2AF590}.Debug|x86.ActiveCfg = Debug|Any CPU
		{D8C6CC71-C908-4B01-9484-0B272D2AF590}.Debug|x86.Build.0 = Debug|Any CPU
		{D8C6CC71-C908-4B01-9484-0B272D2AF590}.Release|Any CPU.ActiveCfg = Release|Any CPU
		{D8C6CC71-C908-4B01-9484-0B272D2AF590}.Release|Any CPU.Build.0 = Release|Any CPU
		{D8C6CC71-C908-4B01-9484-0B272D2AF590}.Release|x64.ActiveCfg = Release|Any CPU
		{D8C6CC71-C908-4B01-9484-0B272D2AF590}.Release|x64.Build.0 = Release|Any CPU
		{D8C6CC71-C908-4B01-9484-0B272D2AF590}.Release|x86.ActiveCfg = Release|Any CPU
		{D8C6CC71-C908-4B01-9484-0B272D2AF590}.Release|x86.Build.0 = Release|Any CPU
		{D0485C5A-BB55-4C5F-9A71-C395AA331FCA}.Debug|Any CPU.ActiveCfg = Debug|Any CPU
		{D0485C5A-BB55-4C5F-9A71-C395AA331FCA}.Debug|Any CPU.Build.0 = Debug|Any CPU
		{D0485C5A-BB55-4C5F-9A71-C395AA331FCA}.Debug|x64.ActiveCfg = Debug|Any CPU
		{D0485C5A-BB55-4C5F-9A71-C395AA331FCA}.Debug|x64.Build.0 = Debug|Any CPU
		{D0485C5A-BB55-4C5F-9A71-C395AA331FCA}.Debug|x86.ActiveCfg = Debug|Any CPU
		{D0485C5A-BB55-4C5F-9A71-C395AA331FCA}.Debug|x86.Build.0 = Debug|Any CPU
		{D0485C5A-BB55-4C5F-9A71-C395AA331FCA}.Release|Any CPU.ActiveCfg = Release|Any CPU
		{D0485C5A-BB55-4C5F-9A71-C395AA331FCA}.Release|Any CPU.Build.0 = Release|Any CPU
		{D0485C5A-BB55-4C5F-9A71-C395AA331FCA}.Release|x64.ActiveCfg = Release|Any CPU
		{D0485C5A-BB55-4C5F-9A71-C395AA331FCA}.Release|x64.Build.0 = Release|Any CPU
		{D0485C5A-BB55-4C5F-9A71-C395AA331FCA}.Release|x86.ActiveCfg = Release|Any CPU
		{D0485C5A-BB55-4C5F-9A71-C395AA331FCA}.Release|x86.Build.0 = Release|Any CPU
		{459F4B5B-1433-42D7-9458-B9059563C42D}.Debug|Any CPU.ActiveCfg = Debug|Any CPU
		{459F4B5B-1433-42D7-9458-B9059563C42D}.Debug|Any CPU.Build.0 = Debug|Any CPU
		{459F4B5B-1433-42D7-9458-B9059563C42D}.Debug|x64.ActiveCfg = Debug|Any CPU
		{459F4B5B-1433-42D7-9458-B9059563C42D}.Debug|x64.Build.0 = Debug|Any CPU
		{459F4B5B-1433-42D7-9458-B9059563C42D}.Debug|x86.ActiveCfg = Debug|Any CPU
		{459F4B5B-1433-42D7-9458-B9059563C42D}.Debug|x86.Build.0 = Debug|Any CPU
		{459F4B5B-1433-42D7-9458-B9059563C42D}.Release|Any CPU.ActiveCfg = Release|Any CPU
		{459F4B5B-1433-42D7-9458-B9059563C42D}.Release|Any CPU.Build.0 = Release|Any CPU
		{459F4B5B-1433-42D7-9458-B9059563C42D}.Release|x64.ActiveCfg = Release|Any CPU
		{459F4B5B-1433-42D7-9458-B9059563C42D}.Release|x64.Build.0 = Release|Any CPU
		{459F4B5B-1433-42D7-9458-B9059563C42D}.Release|x86.ActiveCfg = Release|Any CPU
		{459F4B5B-1433-42D7-9458-B9059563C42D}.Release|x86.Build.0 = Release|Any CPU
		{C35A771A-5D37-485C-A5E0-3698DE1847DB}.Debug|Any CPU.ActiveCfg = Debug|Any CPU
		{C35A771A-5D37-485C-A5E0-3698DE1847DB}.Debug|Any CPU.Build.0 = Debug|Any CPU
		{C35A771A-5D37-485C-A5E0-3698DE1847DB}.Debug|x64.ActiveCfg = Debug|Any CPU
		{C35A771A-5D37-485C-A5E0-3698DE1847DB}.Debug|x64.Build.0 = Debug|Any CPU
		{C35A771A-5D37-485C-A5E0-3698DE1847DB}.Debug|x86.ActiveCfg = Debug|Any CPU
		{C35A771A-5D37-485C-A5E0-3698DE1847DB}.Debug|x86.Build.0 = Debug|Any CPU
		{C35A771A-5D37-485C-A5E0-3698DE1847DB}.Release|Any CPU.ActiveCfg = Release|Any CPU
		{C35A771A-5D37-485C-A5E0-3698DE1847DB}.Release|Any CPU.Build.0 = Release|Any CPU
		{C35A771A-5D37-485C-A5E0-3698DE1847DB}.Release|x64.ActiveCfg = Release|Any CPU
		{C35A771A-5D37-485C-A5E0-3698DE1847DB}.Release|x64.Build.0 = Release|Any CPU
		{C35A771A-5D37-485C-A5E0-3698DE1847DB}.Release|x86.ActiveCfg = Release|Any CPU
		{C35A771A-5D37-485C-A5E0-3698DE1847DB}.Release|x86.Build.0 = Release|Any CPU
		{0BAB2539-EC1D-4245-903A-0D7C5B767596}.Debug|Any CPU.ActiveCfg = Debug|Any CPU
		{0BAB2539-EC1D-4245-903A-0D7C5B767596}.Debug|Any CPU.Build.0 = Debug|Any CPU
		{0BAB2539-EC1D-4245-903A-0D7C5B767596}.Debug|x64.ActiveCfg = Debug|Any CPU
		{0BAB2539-EC1D-4245-903A-0D7C5B767596}.Debug|x64.Build.0 = Debug|Any CPU
		{0BAB2539-EC1D-4245-903A-0D7C5B767596}.Debug|x86.ActiveCfg = Debug|Any CPU
		{0BAB2539-EC1D-4245-903A-0D7C5B767596}.Debug|x86.Build.0 = Debug|Any CPU
		{0BAB2539-EC1D-4245-903A-0D7C5B767596}.Release|Any CPU.ActiveCfg = Release|Any CPU
		{0BAB2539-EC1D-4245-903A-0D7C5B767596}.Release|Any CPU.Build.0 = Release|Any CPU
		{0BAB2539-EC1D-4245-903A-0D7C5B767596}.Release|x64.ActiveCfg = Release|Any CPU
		{0BAB2539-EC1D-4245-903A-0D7C5B767596}.Release|x64.Build.0 = Release|Any CPU
		{0BAB2539-EC1D-4245-903A-0D7C5B767596}.Release|x86.ActiveCfg = Release|Any CPU
		{0BAB2539-EC1D-4245-903A-0D7C5B767596}.Release|x86.Build.0 = Release|Any CPU
		{A02B2B35-A5C7-4603-AE84-146D0174EF35}.Debug|Any CPU.ActiveCfg = Debug|Any CPU
		{A02B2B35-A5C7-4603-AE84-146D0174EF35}.Debug|Any CPU.Build.0 = Debug|Any CPU
		{A02B2B35-A5C7-4603-AE84-146D0174EF35}.Debug|x64.ActiveCfg = Debug|Any CPU
		{A02B2B35-A5C7-4603-AE84-146D0174EF35}.Debug|x64.Build.0 = Debug|Any CPU
		{A02B2B35-A5C7-4603-AE84-146D0174EF35}.Debug|x86.ActiveCfg = Debug|Any CPU
		{A02B2B35-A5C7-4603-AE84-146D0174EF35}.Debug|x86.Build.0 = Debug|Any CPU
		{A02B2B35-A5C7-4603-AE84-146D0174EF35}.Release|Any CPU.ActiveCfg = Release|Any CPU
		{A02B2B35-A5C7-4603-AE84-146D0174EF35}.Release|Any CPU.Build.0 = Release|Any CPU
		{A02B2B35-A5C7-4603-AE84-146D0174EF35}.Release|x64.ActiveCfg = Release|Any CPU
		{A02B2B35-A5C7-4603-AE84-146D0174EF35}.Release|x64.Build.0 = Release|Any CPU
		{A02B2B35-A5C7-4603-AE84-146D0174EF35}.Release|x86.ActiveCfg = Release|Any CPU
		{A02B2B35-A5C7-4603-AE84-146D0174EF35}.Release|x86.Build.0 = Release|Any CPU
		{FC945B79-4828-4395-B7FC-973B7000F834}.Debug|Any CPU.ActiveCfg = Debug|Any CPU
		{FC945B79-4828-4395-B7FC-973B7000F834}.Debug|Any CPU.Build.0 = Debug|Any CPU
		{FC945B79-4828-4395-B7FC-973B7000F834}.Debug|x64.ActiveCfg = Debug|Any CPU
		{FC945B79-4828-4395-B7FC-973B7000F834}.Debug|x64.Build.0 = Debug|Any CPU
		{FC945B79-4828-4395-B7FC-973B7000F834}.Debug|x86.ActiveCfg = Debug|Any CPU
		{FC945B79-4828-4395-B7FC-973B7000F834}.Debug|x86.Build.0 = Debug|Any CPU
		{FC945B79-4828-4395-B7FC-973B7000F834}.Release|Any CPU.ActiveCfg = Release|Any CPU
		{FC945B79-4828-4395-B7FC-973B7000F834}.Release|Any CPU.Build.0 = Release|Any CPU
		{FC945B79-4828-4395-B7FC-973B7000F834}.Release|x64.ActiveCfg = Release|Any CPU
		{FC945B79-4828-4395-B7FC-973B7000F834}.Release|x64.Build.0 = Release|Any CPU
		{FC945B79-4828-4395-B7FC-973B7000F834}.Release|x86.ActiveCfg = Release|Any CPU
		{FC945B79-4828-4395-B7FC-973B7000F834}.Release|x86.Build.0 = Release|Any CPU
		{739DED13-85F9-49ED-AAD3-D4F7B1E4E93F}.Debug|Any CPU.ActiveCfg = Debug|Any CPU
		{739DED13-85F9-49ED-AAD3-D4F7B1E4E93F}.Debug|Any CPU.Build.0 = Debug|Any CPU
		{739DED13-85F9-49ED-AAD3-D4F7B1E4E93F}.Debug|x64.ActiveCfg = Debug|Any CPU
		{739DED13-85F9-49ED-AAD3-D4F7B1E4E93F}.Debug|x64.Build.0 = Debug|Any CPU
		{739DED13-85F9-49ED-AAD3-D4F7B1E4E93F}.Debug|x86.ActiveCfg = Debug|Any CPU
		{739DED13-85F9-49ED-AAD3-D4F7B1E4E93F}.Debug|x86.Build.0 = Debug|Any CPU
		{739DED13-85F9-49ED-AAD3-D4F7B1E4E93F}.Release|Any CPU.ActiveCfg = Release|Any CPU
		{739DED13-85F9-49ED-AAD3-D4F7B1E4E93F}.Release|Any CPU.Build.0 = Release|Any CPU
		{739DED13-85F9-49ED-AAD3-D4F7B1E4E93F}.Release|x64.ActiveCfg = Release|Any CPU
		{739DED13-85F9-49ED-AAD3-D4F7B1E4E93F}.Release|x64.Build.0 = Release|Any CPU
		{739DED13-85F9-49ED-AAD3-D4F7B1E4E93F}.Release|x86.ActiveCfg = Release|Any CPU
		{739DED13-85F9-49ED-AAD3-D4F7B1E4E93F}.Release|x86.Build.0 = Release|Any CPU
		{96801CAE-7D05-42BC-A1AC-6F11BA6617F7}.Debug|Any CPU.ActiveCfg = Debug|Any CPU
		{96801CAE-7D05-42BC-A1AC-6F11BA6617F7}.Debug|Any CPU.Build.0 = Debug|Any CPU
		{96801CAE-7D05-42BC-A1AC-6F11BA6617F7}.Debug|x64.ActiveCfg = Debug|Any CPU
		{96801CAE-7D05-42BC-A1AC-6F11BA6617F7}.Debug|x64.Build.0 = Debug|Any CPU
		{96801CAE-7D05-42BC-A1AC-6F11BA6617F7}.Debug|x86.ActiveCfg = Debug|Any CPU
		{96801CAE-7D05-42BC-A1AC-6F11BA6617F7}.Debug|x86.Build.0 = Debug|Any CPU
		{96801CAE-7D05-42BC-A1AC-6F11BA6617F7}.Release|Any CPU.ActiveCfg = Release|Any CPU
		{96801CAE-7D05-42BC-A1AC-6F11BA6617F7}.Release|Any CPU.Build.0 = Release|Any CPU
		{96801CAE-7D05-42BC-A1AC-6F11BA6617F7}.Release|x64.ActiveCfg = Release|Any CPU
		{96801CAE-7D05-42BC-A1AC-6F11BA6617F7}.Release|x64.Build.0 = Release|Any CPU
		{96801CAE-7D05-42BC-A1AC-6F11BA6617F7}.Release|x86.ActiveCfg = Release|Any CPU
		{96801CAE-7D05-42BC-A1AC-6F11BA6617F7}.Release|x86.Build.0 = Release|Any CPU
		{5C79E28F-4FF0-460E-AB88-7F0363A09FAA}.Debug|Any CPU.ActiveCfg = Debug|Any CPU
		{5C79E28F-4FF0-460E-AB88-7F0363A09FAA}.Debug|Any CPU.Build.0 = Debug|Any CPU
		{5C79E28F-4FF0-460E-AB88-7F0363A09FAA}.Debug|x64.ActiveCfg = Debug|Any CPU
		{5C79E28F-4FF0-460E-AB88-7F0363A09FAA}.Debug|x64.Build.0 = Debug|Any CPU
		{5C79E28F-4FF0-460E-AB88-7F0363A09FAA}.Debug|x86.ActiveCfg = Debug|Any CPU
		{5C79E28F-4FF0-460E-AB88-7F0363A09FAA}.Debug|x86.Build.0 = Debug|Any CPU
		{5C79E28F-4FF0-460E-AB88-7F0363A09FAA}.Release|Any CPU.ActiveCfg = Release|Any CPU
		{5C79E28F-4FF0-460E-AB88-7F0363A09FAA}.Release|Any CPU.Build.0 = Release|Any CPU
		{5C79E28F-4FF0-460E-AB88-7F0363A09FAA}.Release|x64.ActiveCfg = Release|Any CPU
		{5C79E28F-4FF0-460E-AB88-7F0363A09FAA}.Release|x64.Build.0 = Release|Any CPU
		{5C79E28F-4FF0-460E-AB88-7F0363A09FAA}.Release|x86.ActiveCfg = Release|Any CPU
		{5C79E28F-4FF0-460E-AB88-7F0363A09FAA}.Release|x86.Build.0 = Release|Any CPU
		{B4782629-E1E6-4464-A6FF-91E46E14594B}.Debug|Any CPU.ActiveCfg = Debug|Any CPU
		{B4782629-E1E6-4464-A6FF-91E46E14594B}.Debug|Any CPU.Build.0 = Debug|Any CPU
		{B4782629-E1E6-4464-A6FF-91E46E14594B}.Debug|x64.ActiveCfg = Debug|Any CPU
		{B4782629-E1E6-4464-A6FF-91E46E14594B}.Debug|x64.Build.0 = Debug|Any CPU
		{B4782629-E1E6-4464-A6FF-91E46E14594B}.Debug|x86.ActiveCfg = Debug|Any CPU
		{B4782629-E1E6-4464-A6FF-91E46E14594B}.Debug|x86.Build.0 = Debug|Any CPU
		{B4782629-E1E6-4464-A6FF-91E46E14594B}.Release|Any CPU.ActiveCfg = Release|Any CPU
		{B4782629-E1E6-4464-A6FF-91E46E14594B}.Release|Any CPU.Build.0 = Release|Any CPU
		{B4782629-E1E6-4464-A6FF-91E46E14594B}.Release|x64.ActiveCfg = Release|Any CPU
		{B4782629-E1E6-4464-A6FF-91E46E14594B}.Release|x64.Build.0 = Release|Any CPU
		{B4782629-E1E6-4464-A6FF-91E46E14594B}.Release|x86.ActiveCfg = Release|Any CPU
		{B4782629-E1E6-4464-A6FF-91E46E14594B}.Release|x86.Build.0 = Release|Any CPU
		{C499FEE2-3698-4A4E-B8F8-614AA3B98CA6}.Debug|Any CPU.ActiveCfg = Debug|Any CPU
		{C499FEE2-3698-4A4E-B8F8-614AA3B98CA6}.Debug|Any CPU.Build.0 = Debug|Any CPU
		{C499FEE2-3698-4A4E-B8F8-614AA3B98CA6}.Debug|x64.ActiveCfg = Debug|Any CPU
		{C499FEE2-3698-4A4E-B8F8-614AA3B98CA6}.Debug|x64.Build.0 = Debug|Any CPU
		{C499FEE2-3698-4A4E-B8F8-614AA3B98CA6}.Debug|x86.ActiveCfg = Debug|Any CPU
		{C499FEE2-3698-4A4E-B8F8-614AA3B98CA6}.Debug|x86.Build.0 = Debug|Any CPU
		{C499FEE2-3698-4A4E-B8F8-614AA3B98CA6}.Release|Any CPU.ActiveCfg = Release|Any CPU
		{C499FEE2-3698-4A4E-B8F8-614AA3B98CA6}.Release|Any CPU.Build.0 = Release|Any CPU
		{C499FEE2-3698-4A4E-B8F8-614AA3B98CA6}.Release|x64.ActiveCfg = Release|Any CPU
		{C499FEE2-3698-4A4E-B8F8-614AA3B98CA6}.Release|x64.Build.0 = Release|Any CPU
		{C499FEE2-3698-4A4E-B8F8-614AA3B98CA6}.Release|x86.ActiveCfg = Release|Any CPU
		{C499FEE2-3698-4A4E-B8F8-614AA3B98CA6}.Release|x86.Build.0 = Release|Any CPU
		{6F598B5F-3B8F-463E-8BE0-9C3FEF793B64}.Debug|Any CPU.ActiveCfg = Debug|Any CPU
		{6F598B5F-3B8F-463E-8BE0-9C3FEF793B64}.Debug|Any CPU.Build.0 = Debug|Any CPU
		{6F598B5F-3B8F-463E-8BE0-9C3FEF793B64}.Debug|x64.ActiveCfg = Debug|Any CPU
		{6F598B5F-3B8F-463E-8BE0-9C3FEF793B64}.Debug|x64.Build.0 = Debug|Any CPU
		{6F598B5F-3B8F-463E-8BE0-9C3FEF793B64}.Debug|x86.ActiveCfg = Debug|Any CPU
		{6F598B5F-3B8F-463E-8BE0-9C3FEF793B64}.Debug|x86.Build.0 = Debug|Any CPU
		{6F598B5F-3B8F-463E-8BE0-9C3FEF793B64}.Release|Any CPU.ActiveCfg = Release|Any CPU
		{6F598B5F-3B8F-463E-8BE0-9C3FEF793B64}.Release|Any CPU.Build.0 = Release|Any CPU
		{6F598B5F-3B8F-463E-8BE0-9C3FEF793B64}.Release|x64.ActiveCfg = Release|Any CPU
		{6F598B5F-3B8F-463E-8BE0-9C3FEF793B64}.Release|x64.Build.0 = Release|Any CPU
		{6F598B5F-3B8F-463E-8BE0-9C3FEF793B64}.Release|x86.ActiveCfg = Release|Any CPU
		{6F598B5F-3B8F-463E-8BE0-9C3FEF793B64}.Release|x86.Build.0 = Release|Any CPU
		{D32C312D-D04C-4F58-8DD5-2308EEF9B640}.Debug|Any CPU.ActiveCfg = Debug|Any CPU
		{D32C312D-D04C-4F58-8DD5-2308EEF9B640}.Debug|Any CPU.Build.0 = Debug|Any CPU
		{D32C312D-D04C-4F58-8DD5-2308EEF9B640}.Debug|x64.ActiveCfg = Debug|Any CPU
		{D32C312D-D04C-4F58-8DD5-2308EEF9B640}.Debug|x64.Build.0 = Debug|Any CPU
		{D32C312D-D04C-4F58-8DD5-2308EEF9B640}.Debug|x86.ActiveCfg = Debug|Any CPU
		{D32C312D-D04C-4F58-8DD5-2308EEF9B640}.Debug|x86.Build.0 = Debug|Any CPU
		{D32C312D-D04C-4F58-8DD5-2308EEF9B640}.Release|Any CPU.ActiveCfg = Release|Any CPU
		{D32C312D-D04C-4F58-8DD5-2308EEF9B640}.Release|Any CPU.Build.0 = Release|Any CPU
		{D32C312D-D04C-4F58-8DD5-2308EEF9B640}.Release|x64.ActiveCfg = Release|Any CPU
		{D32C312D-D04C-4F58-8DD5-2308EEF9B640}.Release|x64.Build.0 = Release|Any CPU
		{D32C312D-D04C-4F58-8DD5-2308EEF9B640}.Release|x86.ActiveCfg = Release|Any CPU
		{D32C312D-D04C-4F58-8DD5-2308EEF9B640}.Release|x86.Build.0 = Release|Any CPU
		{575EA6EE-911F-4ECD-82F2-4414060957BD}.Debug|Any CPU.ActiveCfg = Debug|Any CPU
		{575EA6EE-911F-4ECD-82F2-4414060957BD}.Debug|Any CPU.Build.0 = Debug|Any CPU
		{575EA6EE-911F-4ECD-82F2-4414060957BD}.Debug|x64.ActiveCfg = Debug|Any CPU
		{575EA6EE-911F-4ECD-82F2-4414060957BD}.Debug|x64.Build.0 = Debug|Any CPU
		{575EA6EE-911F-4ECD-82F2-4414060957BD}.Debug|x86.ActiveCfg = Debug|Any CPU
		{575EA6EE-911F-4ECD-82F2-4414060957BD}.Debug|x86.Build.0 = Debug|Any CPU
		{575EA6EE-911F-4ECD-82F2-4414060957BD}.Release|Any CPU.ActiveCfg = Release|Any CPU
		{575EA6EE-911F-4ECD-82F2-4414060957BD}.Release|Any CPU.Build.0 = Release|Any CPU
		{575EA6EE-911F-4ECD-82F2-4414060957BD}.Release|x64.ActiveCfg = Release|Any CPU
		{575EA6EE-911F-4ECD-82F2-4414060957BD}.Release|x64.Build.0 = Release|Any CPU
		{575EA6EE-911F-4ECD-82F2-4414060957BD}.Release|x86.ActiveCfg = Release|Any CPU
		{575EA6EE-911F-4ECD-82F2-4414060957BD}.Release|x86.Build.0 = Release|Any CPU
		{30967C25-7BB7-436D-BC7A-CCF27CFE4528}.Debug|Any CPU.ActiveCfg = Debug|Any CPU
		{30967C25-7BB7-436D-BC7A-CCF27CFE4528}.Debug|Any CPU.Build.0 = Debug|Any CPU
		{30967C25-7BB7-436D-BC7A-CCF27CFE4528}.Debug|x64.ActiveCfg = Debug|Any CPU
		{30967C25-7BB7-436D-BC7A-CCF27CFE4528}.Debug|x64.Build.0 = Debug|Any CPU
		{30967C25-7BB7-436D-BC7A-CCF27CFE4528}.Debug|x86.ActiveCfg = Debug|Any CPU
		{30967C25-7BB7-436D-BC7A-CCF27CFE4528}.Debug|x86.Build.0 = Debug|Any CPU
		{30967C25-7BB7-436D-BC7A-CCF27CFE4528}.Release|Any CPU.ActiveCfg = Release|Any CPU
		{30967C25-7BB7-436D-BC7A-CCF27CFE4528}.Release|Any CPU.Build.0 = Release|Any CPU
		{30967C25-7BB7-436D-BC7A-CCF27CFE4528}.Release|x64.ActiveCfg = Release|Any CPU
		{30967C25-7BB7-436D-BC7A-CCF27CFE4528}.Release|x64.Build.0 = Release|Any CPU
		{30967C25-7BB7-436D-BC7A-CCF27CFE4528}.Release|x86.ActiveCfg = Release|Any CPU
		{30967C25-7BB7-436D-BC7A-CCF27CFE4528}.Release|x86.Build.0 = Release|Any CPU
		{DDD4F320-7D93-475B-AFBD-75ADA1554366}.Debug|Any CPU.ActiveCfg = Debug|Any CPU
		{DDD4F320-7D93-475B-AFBD-75ADA1554366}.Debug|Any CPU.Build.0 = Debug|Any CPU
		{DDD4F320-7D93-475B-AFBD-75ADA1554366}.Debug|x64.ActiveCfg = Debug|Any CPU
		{DDD4F320-7D93-475B-AFBD-75ADA1554366}.Debug|x64.Build.0 = Debug|Any CPU
		{DDD4F320-7D93-475B-AFBD-75ADA1554366}.Debug|x86.ActiveCfg = Debug|Any CPU
		{DDD4F320-7D93-475B-AFBD-75ADA1554366}.Debug|x86.Build.0 = Debug|Any CPU
		{DDD4F320-7D93-475B-AFBD-75ADA1554366}.Release|Any CPU.ActiveCfg = Release|Any CPU
		{DDD4F320-7D93-475B-AFBD-75ADA1554366}.Release|Any CPU.Build.0 = Release|Any CPU
		{DDD4F320-7D93-475B-AFBD-75ADA1554366}.Release|x64.ActiveCfg = Release|Any CPU
		{DDD4F320-7D93-475B-AFBD-75ADA1554366}.Release|x64.Build.0 = Release|Any CPU
		{DDD4F320-7D93-475B-AFBD-75ADA1554366}.Release|x86.ActiveCfg = Release|Any CPU
		{DDD4F320-7D93-475B-AFBD-75ADA1554366}.Release|x86.Build.0 = Release|Any CPU
		{8D3F9DEE-C004-4A42-B8F5-DBF6150D0E88}.Debug|Any CPU.ActiveCfg = Debug|Any CPU
		{8D3F9DEE-C004-4A42-B8F5-DBF6150D0E88}.Debug|Any CPU.Build.0 = Debug|Any CPU
		{8D3F9DEE-C004-4A42-B8F5-DBF6150D0E88}.Debug|x64.ActiveCfg = Debug|Any CPU
		{8D3F9DEE-C004-4A42-B8F5-DBF6150D0E88}.Debug|x64.Build.0 = Debug|Any CPU
		{8D3F9DEE-C004-4A42-B8F5-DBF6150D0E88}.Debug|x86.ActiveCfg = Debug|Any CPU
		{8D3F9DEE-C004-4A42-B8F5-DBF6150D0E88}.Debug|x86.Build.0 = Debug|Any CPU
		{8D3F9DEE-C004-4A42-B8F5-DBF6150D0E88}.Release|Any CPU.ActiveCfg = Release|Any CPU
		{8D3F9DEE-C004-4A42-B8F5-DBF6150D0E88}.Release|Any CPU.Build.0 = Release|Any CPU
		{8D3F9DEE-C004-4A42-B8F5-DBF6150D0E88}.Release|x64.ActiveCfg = Release|Any CPU
		{8D3F9DEE-C004-4A42-B8F5-DBF6150D0E88}.Release|x64.Build.0 = Release|Any CPU
		{8D3F9DEE-C004-4A42-B8F5-DBF6150D0E88}.Release|x86.ActiveCfg = Release|Any CPU
		{8D3F9DEE-C004-4A42-B8F5-DBF6150D0E88}.Release|x86.Build.0 = Release|Any CPU
		{9019CDAD-78F0-4109-A49A-CEEC5FE05BD4}.Debug|Any CPU.ActiveCfg = Debug|Any CPU
		{9019CDAD-78F0-4109-A49A-CEEC5FE05BD4}.Debug|Any CPU.Build.0 = Debug|Any CPU
		{9019CDAD-78F0-4109-A49A-CEEC5FE05BD4}.Debug|x64.ActiveCfg = Debug|Any CPU
		{9019CDAD-78F0-4109-A49A-CEEC5FE05BD4}.Debug|x64.Build.0 = Debug|Any CPU
		{9019CDAD-78F0-4109-A49A-CEEC5FE05BD4}.Debug|x86.ActiveCfg = Debug|Any CPU
		{9019CDAD-78F0-4109-A49A-CEEC5FE05BD4}.Debug|x86.Build.0 = Debug|Any CPU
		{9019CDAD-78F0-4109-A49A-CEEC5FE05BD4}.Release|Any CPU.ActiveCfg = Release|Any CPU
		{9019CDAD-78F0-4109-A49A-CEEC5FE05BD4}.Release|Any CPU.Build.0 = Release|Any CPU
		{9019CDAD-78F0-4109-A49A-CEEC5FE05BD4}.Release|x64.ActiveCfg = Release|Any CPU
		{9019CDAD-78F0-4109-A49A-CEEC5FE05BD4}.Release|x64.Build.0 = Release|Any CPU
		{9019CDAD-78F0-4109-A49A-CEEC5FE05BD4}.Release|x86.ActiveCfg = Release|Any CPU
		{9019CDAD-78F0-4109-A49A-CEEC5FE05BD4}.Release|x86.Build.0 = Release|Any CPU
		{8BE14C0E-BCD5-45FF-9554-78B8D4A8AE94}.Debug|Any CPU.ActiveCfg = Debug|Any CPU
		{8BE14C0E-BCD5-45FF-9554-78B8D4A8AE94}.Debug|Any CPU.Build.0 = Debug|Any CPU
		{8BE14C0E-BCD5-45FF-9554-78B8D4A8AE94}.Debug|x64.ActiveCfg = Debug|Any CPU
		{8BE14C0E-BCD5-45FF-9554-78B8D4A8AE94}.Debug|x64.Build.0 = Debug|Any CPU
		{8BE14C0E-BCD5-45FF-9554-78B8D4A8AE94}.Debug|x86.ActiveCfg = Debug|Any CPU
		{8BE14C0E-BCD5-45FF-9554-78B8D4A8AE94}.Debug|x86.Build.0 = Debug|Any CPU
		{8BE14C0E-BCD5-45FF-9554-78B8D4A8AE94}.Release|Any CPU.ActiveCfg = Release|Any CPU
		{8BE14C0E-BCD5-45FF-9554-78B8D4A8AE94}.Release|Any CPU.Build.0 = Release|Any CPU
		{8BE14C0E-BCD5-45FF-9554-78B8D4A8AE94}.Release|x64.ActiveCfg = Release|Any CPU
		{8BE14C0E-BCD5-45FF-9554-78B8D4A8AE94}.Release|x64.Build.0 = Release|Any CPU
		{8BE14C0E-BCD5-45FF-9554-78B8D4A8AE94}.Release|x86.ActiveCfg = Release|Any CPU
		{8BE14C0E-BCD5-45FF-9554-78B8D4A8AE94}.Release|x86.Build.0 = Release|Any CPU
		{6844F122-ADC6-4CA9-9609-7DAB989EB8EE}.Debug|Any CPU.ActiveCfg = Debug|Any CPU
		{6844F122-ADC6-4CA9-9609-7DAB989EB8EE}.Debug|Any CPU.Build.0 = Debug|Any CPU
		{6844F122-ADC6-4CA9-9609-7DAB989EB8EE}.Debug|x64.ActiveCfg = Debug|Any CPU
		{6844F122-ADC6-4CA9-9609-7DAB989EB8EE}.Debug|x64.Build.0 = Debug|Any CPU
		{6844F122-ADC6-4CA9-9609-7DAB989EB8EE}.Debug|x86.ActiveCfg = Debug|Any CPU
		{6844F122-ADC6-4CA9-9609-7DAB989EB8EE}.Debug|x86.Build.0 = Debug|Any CPU
		{6844F122-ADC6-4CA9-9609-7DAB989EB8EE}.Release|Any CPU.ActiveCfg = Release|Any CPU
		{6844F122-ADC6-4CA9-9609-7DAB989EB8EE}.Release|Any CPU.Build.0 = Release|Any CPU
		{6844F122-ADC6-4CA9-9609-7DAB989EB8EE}.Release|x64.ActiveCfg = Release|Any CPU
		{6844F122-ADC6-4CA9-9609-7DAB989EB8EE}.Release|x64.Build.0 = Release|Any CPU
		{6844F122-ADC6-4CA9-9609-7DAB989EB8EE}.Release|x86.ActiveCfg = Release|Any CPU
		{6844F122-ADC6-4CA9-9609-7DAB989EB8EE}.Release|x86.Build.0 = Release|Any CPU
		{EED4253C-F27C-4E20-B45B-D7B228EEFFC7}.Debug|Any CPU.ActiveCfg = Debug|Any CPU
		{EED4253C-F27C-4E20-B45B-D7B228EEFFC7}.Debug|Any CPU.Build.0 = Debug|Any CPU
		{EED4253C-F27C-4E20-B45B-D7B228EEFFC7}.Debug|x64.ActiveCfg = Debug|Any CPU
		{EED4253C-F27C-4E20-B45B-D7B228EEFFC7}.Debug|x64.Build.0 = Debug|Any CPU
		{EED4253C-F27C-4E20-B45B-D7B228EEFFC7}.Debug|x86.ActiveCfg = Debug|Any CPU
		{EED4253C-F27C-4E20-B45B-D7B228EEFFC7}.Debug|x86.Build.0 = Debug|Any CPU
		{EED4253C-F27C-4E20-B45B-D7B228EEFFC7}.Release|Any CPU.ActiveCfg = Release|Any CPU
		{EED4253C-F27C-4E20-B45B-D7B228EEFFC7}.Release|Any CPU.Build.0 = Release|Any CPU
		{EED4253C-F27C-4E20-B45B-D7B228EEFFC7}.Release|x64.ActiveCfg = Release|Any CPU
		{EED4253C-F27C-4E20-B45B-D7B228EEFFC7}.Release|x64.Build.0 = Release|Any CPU
		{EED4253C-F27C-4E20-B45B-D7B228EEFFC7}.Release|x86.ActiveCfg = Release|Any CPU
		{EED4253C-F27C-4E20-B45B-D7B228EEFFC7}.Release|x86.Build.0 = Release|Any CPU
		{257AF384-A737-4780-AB07-E17CC32BC242}.Debug|Any CPU.ActiveCfg = Debug|Any CPU
		{257AF384-A737-4780-AB07-E17CC32BC242}.Debug|Any CPU.Build.0 = Debug|Any CPU
		{257AF384-A737-4780-AB07-E17CC32BC242}.Debug|x64.ActiveCfg = Debug|Any CPU
		{257AF384-A737-4780-AB07-E17CC32BC242}.Debug|x64.Build.0 = Debug|Any CPU
		{257AF384-A737-4780-AB07-E17CC32BC242}.Debug|x86.ActiveCfg = Debug|Any CPU
		{257AF384-A737-4780-AB07-E17CC32BC242}.Debug|x86.Build.0 = Debug|Any CPU
		{257AF384-A737-4780-AB07-E17CC32BC242}.Release|Any CPU.ActiveCfg = Release|Any CPU
		{257AF384-A737-4780-AB07-E17CC32BC242}.Release|Any CPU.Build.0 = Release|Any CPU
		{257AF384-A737-4780-AB07-E17CC32BC242}.Release|x64.ActiveCfg = Release|Any CPU
		{257AF384-A737-4780-AB07-E17CC32BC242}.Release|x64.Build.0 = Release|Any CPU
		{257AF384-A737-4780-AB07-E17CC32BC242}.Release|x86.ActiveCfg = Release|Any CPU
		{257AF384-A737-4780-AB07-E17CC32BC242}.Release|x86.Build.0 = Release|Any CPU
		{4B5D837F-5ABC-4913-AE32-EE276EDD9E06}.Debug|Any CPU.ActiveCfg = Debug|Any CPU
		{4B5D837F-5ABC-4913-AE32-EE276EDD9E06}.Debug|Any CPU.Build.0 = Debug|Any CPU
		{4B5D837F-5ABC-4913-AE32-EE276EDD9E06}.Debug|x64.ActiveCfg = Debug|Any CPU
		{4B5D837F-5ABC-4913-AE32-EE276EDD9E06}.Debug|x64.Build.0 = Debug|Any CPU
		{4B5D837F-5ABC-4913-AE32-EE276EDD9E06}.Debug|x86.ActiveCfg = Debug|Any CPU
		{4B5D837F-5ABC-4913-AE32-EE276EDD9E06}.Debug|x86.Build.0 = Debug|Any CPU
		{4B5D837F-5ABC-4913-AE32-EE276EDD9E06}.Release|Any CPU.ActiveCfg = Release|Any CPU
		{4B5D837F-5ABC-4913-AE32-EE276EDD9E06}.Release|Any CPU.Build.0 = Release|Any CPU
		{4B5D837F-5ABC-4913-AE32-EE276EDD9E06}.Release|x64.ActiveCfg = Release|Any CPU
		{4B5D837F-5ABC-4913-AE32-EE276EDD9E06}.Release|x64.Build.0 = Release|Any CPU
		{4B5D837F-5ABC-4913-AE32-EE276EDD9E06}.Release|x86.ActiveCfg = Release|Any CPU
		{4B5D837F-5ABC-4913-AE32-EE276EDD9E06}.Release|x86.Build.0 = Release|Any CPU
		{B7478A65-4F92-44FE-87A6-F101BC9A0ECF}.Debug|Any CPU.ActiveCfg = Debug|Any CPU
		{B7478A65-4F92-44FE-87A6-F101BC9A0ECF}.Debug|Any CPU.Build.0 = Debug|Any CPU
		{B7478A65-4F92-44FE-87A6-F101BC9A0ECF}.Debug|x64.ActiveCfg = Debug|Any CPU
		{B7478A65-4F92-44FE-87A6-F101BC9A0ECF}.Debug|x64.Build.0 = Debug|Any CPU
		{B7478A65-4F92-44FE-87A6-F101BC9A0ECF}.Debug|x86.ActiveCfg = Debug|Any CPU
		{B7478A65-4F92-44FE-87A6-F101BC9A0ECF}.Debug|x86.Build.0 = Debug|Any CPU
		{B7478A65-4F92-44FE-87A6-F101BC9A0ECF}.Release|Any CPU.ActiveCfg = Release|Any CPU
		{B7478A65-4F92-44FE-87A6-F101BC9A0ECF}.Release|Any CPU.Build.0 = Release|Any CPU
		{B7478A65-4F92-44FE-87A6-F101BC9A0ECF}.Release|x64.ActiveCfg = Release|Any CPU
		{B7478A65-4F92-44FE-87A6-F101BC9A0ECF}.Release|x64.Build.0 = Release|Any CPU
		{B7478A65-4F92-44FE-87A6-F101BC9A0ECF}.Release|x86.ActiveCfg = Release|Any CPU
		{B7478A65-4F92-44FE-87A6-F101BC9A0ECF}.Release|x86.Build.0 = Release|Any CPU
		{17F90287-0FCB-4EE0-AB84-BE451B3184B8}.Debug|Any CPU.ActiveCfg = Debug|Any CPU
		{17F90287-0FCB-4EE0-AB84-BE451B3184B8}.Debug|Any CPU.Build.0 = Debug|Any CPU
		{17F90287-0FCB-4EE0-AB84-BE451B3184B8}.Debug|x64.ActiveCfg = Debug|Any CPU
		{17F90287-0FCB-4EE0-AB84-BE451B3184B8}.Debug|x64.Build.0 = Debug|Any CPU
		{17F90287-0FCB-4EE0-AB84-BE451B3184B8}.Debug|x86.ActiveCfg = Debug|Any CPU
		{17F90287-0FCB-4EE0-AB84-BE451B3184B8}.Debug|x86.Build.0 = Debug|Any CPU
		{17F90287-0FCB-4EE0-AB84-BE451B3184B8}.Release|Any CPU.ActiveCfg = Release|Any CPU
		{17F90287-0FCB-4EE0-AB84-BE451B3184B8}.Release|Any CPU.Build.0 = Release|Any CPU
		{17F90287-0FCB-4EE0-AB84-BE451B3184B8}.Release|x64.ActiveCfg = Release|Any CPU
		{17F90287-0FCB-4EE0-AB84-BE451B3184B8}.Release|x64.Build.0 = Release|Any CPU
		{17F90287-0FCB-4EE0-AB84-BE451B3184B8}.Release|x86.ActiveCfg = Release|Any CPU
		{17F90287-0FCB-4EE0-AB84-BE451B3184B8}.Release|x86.Build.0 = Release|Any CPU
		{B705F1DF-FC96-40EE-9B4B-B70E043D8CBA}.Debug|Any CPU.ActiveCfg = Debug|Any CPU
		{B705F1DF-FC96-40EE-9B4B-B70E043D8CBA}.Debug|Any CPU.Build.0 = Debug|Any CPU
		{B705F1DF-FC96-40EE-9B4B-B70E043D8CBA}.Debug|x64.ActiveCfg = Debug|Any CPU
		{B705F1DF-FC96-40EE-9B4B-B70E043D8CBA}.Debug|x64.Build.0 = Debug|Any CPU
		{B705F1DF-FC96-40EE-9B4B-B70E043D8CBA}.Debug|x86.ActiveCfg = Debug|Any CPU
		{B705F1DF-FC96-40EE-9B4B-B70E043D8CBA}.Debug|x86.Build.0 = Debug|Any CPU
		{B705F1DF-FC96-40EE-9B4B-B70E043D8CBA}.Release|Any CPU.ActiveCfg = Release|Any CPU
		{B705F1DF-FC96-40EE-9B4B-B70E043D8CBA}.Release|Any CPU.Build.0 = Release|Any CPU
		{B705F1DF-FC96-40EE-9B4B-B70E043D8CBA}.Release|x64.ActiveCfg = Release|Any CPU
		{B705F1DF-FC96-40EE-9B4B-B70E043D8CBA}.Release|x64.Build.0 = Release|Any CPU
		{B705F1DF-FC96-40EE-9B4B-B70E043D8CBA}.Release|x86.ActiveCfg = Release|Any CPU
		{B705F1DF-FC96-40EE-9B4B-B70E043D8CBA}.Release|x86.Build.0 = Release|Any CPU
		{B638B533-6F4D-42B4-93E6-A240E15997EF}.Debug|Any CPU.ActiveCfg = Debug|Any CPU
		{B638B533-6F4D-42B4-93E6-A240E15997EF}.Debug|Any CPU.Build.0 = Debug|Any CPU
		{B638B533-6F4D-42B4-93E6-A240E15997EF}.Debug|x64.ActiveCfg = Debug|Any CPU
		{B638B533-6F4D-42B4-93E6-A240E15997EF}.Debug|x64.Build.0 = Debug|Any CPU
		{B638B533-6F4D-42B4-93E6-A240E15997EF}.Debug|x86.ActiveCfg = Debug|Any CPU
		{B638B533-6F4D-42B4-93E6-A240E15997EF}.Debug|x86.Build.0 = Debug|Any CPU
		{B638B533-6F4D-42B4-93E6-A240E15997EF}.Release|Any CPU.ActiveCfg = Release|Any CPU
		{B638B533-6F4D-42B4-93E6-A240E15997EF}.Release|Any CPU.Build.0 = Release|Any CPU
		{B638B533-6F4D-42B4-93E6-A240E15997EF}.Release|x64.ActiveCfg = Release|Any CPU
		{B638B533-6F4D-42B4-93E6-A240E15997EF}.Release|x64.Build.0 = Release|Any CPU
		{B638B533-6F4D-42B4-93E6-A240E15997EF}.Release|x86.ActiveCfg = Release|Any CPU
		{B638B533-6F4D-42B4-93E6-A240E15997EF}.Release|x86.Build.0 = Release|Any CPU
		{F7E6835E-4A27-4543-94D2-C6108CBEB655}.Debug|Any CPU.ActiveCfg = Debug|Any CPU
		{F7E6835E-4A27-4543-94D2-C6108CBEB655}.Debug|Any CPU.Build.0 = Debug|Any CPU
		{F7E6835E-4A27-4543-94D2-C6108CBEB655}.Debug|x64.ActiveCfg = Debug|Any CPU
		{F7E6835E-4A27-4543-94D2-C6108CBEB655}.Debug|x64.Build.0 = Debug|Any CPU
		{F7E6835E-4A27-4543-94D2-C6108CBEB655}.Debug|x86.ActiveCfg = Debug|Any CPU
		{F7E6835E-4A27-4543-94D2-C6108CBEB655}.Debug|x86.Build.0 = Debug|Any CPU
		{F7E6835E-4A27-4543-94D2-C6108CBEB655}.Release|Any CPU.ActiveCfg = Release|Any CPU
		{F7E6835E-4A27-4543-94D2-C6108CBEB655}.Release|Any CPU.Build.0 = Release|Any CPU
		{F7E6835E-4A27-4543-94D2-C6108CBEB655}.Release|x64.ActiveCfg = Release|Any CPU
		{F7E6835E-4A27-4543-94D2-C6108CBEB655}.Release|x64.Build.0 = Release|Any CPU
		{F7E6835E-4A27-4543-94D2-C6108CBEB655}.Release|x86.ActiveCfg = Release|Any CPU
		{F7E6835E-4A27-4543-94D2-C6108CBEB655}.Release|x86.Build.0 = Release|Any CPU
		{327FD3F2-529C-439C-AEB5-C7EADCB6B5F0}.Debug|Any CPU.ActiveCfg = Debug|Any CPU
		{327FD3F2-529C-439C-AEB5-C7EADCB6B5F0}.Debug|Any CPU.Build.0 = Debug|Any CPU
		{327FD3F2-529C-439C-AEB5-C7EADCB6B5F0}.Debug|x64.ActiveCfg = Debug|Any CPU
		{327FD3F2-529C-439C-AEB5-C7EADCB6B5F0}.Debug|x64.Build.0 = Debug|Any CPU
		{327FD3F2-529C-439C-AEB5-C7EADCB6B5F0}.Debug|x86.ActiveCfg = Debug|Any CPU
		{327FD3F2-529C-439C-AEB5-C7EADCB6B5F0}.Debug|x86.Build.0 = Debug|Any CPU
		{327FD3F2-529C-439C-AEB5-C7EADCB6B5F0}.Release|Any CPU.ActiveCfg = Release|Any CPU
		{327FD3F2-529C-439C-AEB5-C7EADCB6B5F0}.Release|Any CPU.Build.0 = Release|Any CPU
		{327FD3F2-529C-439C-AEB5-C7EADCB6B5F0}.Release|x64.ActiveCfg = Release|Any CPU
		{327FD3F2-529C-439C-AEB5-C7EADCB6B5F0}.Release|x64.Build.0 = Release|Any CPU
		{327FD3F2-529C-439C-AEB5-C7EADCB6B5F0}.Release|x86.ActiveCfg = Release|Any CPU
		{327FD3F2-529C-439C-AEB5-C7EADCB6B5F0}.Release|x86.Build.0 = Release|Any CPU
		{E07AE4D3-1B73-4FE2-A4C9-1B43697E9865}.Debug|Any CPU.ActiveCfg = Debug|Any CPU
		{E07AE4D3-1B73-4FE2-A4C9-1B43697E9865}.Debug|Any CPU.Build.0 = Debug|Any CPU
		{E07AE4D3-1B73-4FE2-A4C9-1B43697E9865}.Debug|x64.ActiveCfg = Debug|Any CPU
		{E07AE4D3-1B73-4FE2-A4C9-1B43697E9865}.Debug|x64.Build.0 = Debug|Any CPU
		{E07AE4D3-1B73-4FE2-A4C9-1B43697E9865}.Debug|x86.ActiveCfg = Debug|Any CPU
		{E07AE4D3-1B73-4FE2-A4C9-1B43697E9865}.Debug|x86.Build.0 = Debug|Any CPU
		{E07AE4D3-1B73-4FE2-A4C9-1B43697E9865}.Release|Any CPU.ActiveCfg = Release|Any CPU
		{E07AE4D3-1B73-4FE2-A4C9-1B43697E9865}.Release|Any CPU.Build.0 = Release|Any CPU
		{E07AE4D3-1B73-4FE2-A4C9-1B43697E9865}.Release|x64.ActiveCfg = Release|Any CPU
		{E07AE4D3-1B73-4FE2-A4C9-1B43697E9865}.Release|x64.Build.0 = Release|Any CPU
		{E07AE4D3-1B73-4FE2-A4C9-1B43697E9865}.Release|x86.ActiveCfg = Release|Any CPU
		{E07AE4D3-1B73-4FE2-A4C9-1B43697E9865}.Release|x86.Build.0 = Release|Any CPU
		{14064CC3-C6DC-44FC-B62C-958337C5269E}.Debug|Any CPU.ActiveCfg = Debug|Any CPU
		{14064CC3-C6DC-44FC-B62C-958337C5269E}.Debug|Any CPU.Build.0 = Debug|Any CPU
		{14064CC3-C6DC-44FC-B62C-958337C5269E}.Debug|x64.ActiveCfg = Debug|Any CPU
		{14064CC3-C6DC-44FC-B62C-958337C5269E}.Debug|x64.Build.0 = Debug|Any CPU
		{14064CC3-C6DC-44FC-B62C-958337C5269E}.Debug|x86.ActiveCfg = Debug|Any CPU
		{14064CC3-C6DC-44FC-B62C-958337C5269E}.Debug|x86.Build.0 = Debug|Any CPU
		{14064CC3-C6DC-44FC-B62C-958337C5269E}.Release|Any CPU.ActiveCfg = Release|Any CPU
		{14064CC3-C6DC-44FC-B62C-958337C5269E}.Release|Any CPU.Build.0 = Release|Any CPU
		{14064CC3-C6DC-44FC-B62C-958337C5269E}.Release|x64.ActiveCfg = Release|Any CPU
		{14064CC3-C6DC-44FC-B62C-958337C5269E}.Release|x64.Build.0 = Release|Any CPU
		{14064CC3-C6DC-44FC-B62C-958337C5269E}.Release|x86.ActiveCfg = Release|Any CPU
		{14064CC3-C6DC-44FC-B62C-958337C5269E}.Release|x86.Build.0 = Release|Any CPU
		{E5C986CB-7EAF-40ED-A4D1-8BE6E69E9517}.Debug|Any CPU.ActiveCfg = Debug|Any CPU
		{E5C986CB-7EAF-40ED-A4D1-8BE6E69E9517}.Debug|Any CPU.Build.0 = Debug|Any CPU
		{E5C986CB-7EAF-40ED-A4D1-8BE6E69E9517}.Debug|x64.ActiveCfg = Debug|Any CPU
		{E5C986CB-7EAF-40ED-A4D1-8BE6E69E9517}.Debug|x64.Build.0 = Debug|Any CPU
		{E5C986CB-7EAF-40ED-A4D1-8BE6E69E9517}.Debug|x86.ActiveCfg = Debug|Any CPU
		{E5C986CB-7EAF-40ED-A4D1-8BE6E69E9517}.Debug|x86.Build.0 = Debug|Any CPU
		{E5C986CB-7EAF-40ED-A4D1-8BE6E69E9517}.Release|Any CPU.ActiveCfg = Release|Any CPU
		{E5C986CB-7EAF-40ED-A4D1-8BE6E69E9517}.Release|Any CPU.Build.0 = Release|Any CPU
		{E5C986CB-7EAF-40ED-A4D1-8BE6E69E9517}.Release|x64.ActiveCfg = Release|Any CPU
		{E5C986CB-7EAF-40ED-A4D1-8BE6E69E9517}.Release|x64.Build.0 = Release|Any CPU
		{E5C986CB-7EAF-40ED-A4D1-8BE6E69E9517}.Release|x86.ActiveCfg = Release|Any CPU
		{E5C986CB-7EAF-40ED-A4D1-8BE6E69E9517}.Release|x86.Build.0 = Release|Any CPU
		{EF93A113-06AB-4A22-95E2-DA36E888A152}.Debug|Any CPU.ActiveCfg = Debug|Any CPU
		{EF93A113-06AB-4A22-95E2-DA36E888A152}.Debug|Any CPU.Build.0 = Debug|Any CPU
		{EF93A113-06AB-4A22-95E2-DA36E888A152}.Debug|x64.ActiveCfg = Debug|Any CPU
		{EF93A113-06AB-4A22-95E2-DA36E888A152}.Debug|x64.Build.0 = Debug|Any CPU
		{EF93A113-06AB-4A22-95E2-DA36E888A152}.Debug|x86.ActiveCfg = Debug|Any CPU
		{EF93A113-06AB-4A22-95E2-DA36E888A152}.Debug|x86.Build.0 = Debug|Any CPU
		{EF93A113-06AB-4A22-95E2-DA36E888A152}.Release|Any CPU.ActiveCfg = Release|Any CPU
		{EF93A113-06AB-4A22-95E2-DA36E888A152}.Release|Any CPU.Build.0 = Release|Any CPU
		{EF93A113-06AB-4A22-95E2-DA36E888A152}.Release|x64.ActiveCfg = Release|Any CPU
		{EF93A113-06AB-4A22-95E2-DA36E888A152}.Release|x64.Build.0 = Release|Any CPU
		{EF93A113-06AB-4A22-95E2-DA36E888A152}.Release|x86.ActiveCfg = Release|Any CPU
		{EF93A113-06AB-4A22-95E2-DA36E888A152}.Release|x86.Build.0 = Release|Any CPU
		{614BD08D-35DC-4D18-A0C3-E9D0F277F625}.Debug|Any CPU.ActiveCfg = Debug|Any CPU
		{614BD08D-35DC-4D18-A0C3-E9D0F277F625}.Debug|Any CPU.Build.0 = Debug|Any CPU
		{614BD08D-35DC-4D18-A0C3-E9D0F277F625}.Debug|x64.ActiveCfg = Debug|Any CPU
		{614BD08D-35DC-4D18-A0C3-E9D0F277F625}.Debug|x64.Build.0 = Debug|Any CPU
		{614BD08D-35DC-4D18-A0C3-E9D0F277F625}.Debug|x86.ActiveCfg = Debug|Any CPU
		{614BD08D-35DC-4D18-A0C3-E9D0F277F625}.Debug|x86.Build.0 = Debug|Any CPU
		{614BD08D-35DC-4D18-A0C3-E9D0F277F625}.Release|Any CPU.ActiveCfg = Release|Any CPU
		{614BD08D-35DC-4D18-A0C3-E9D0F277F625}.Release|Any CPU.Build.0 = Release|Any CPU
		{614BD08D-35DC-4D18-A0C3-E9D0F277F625}.Release|x64.ActiveCfg = Release|Any CPU
		{614BD08D-35DC-4D18-A0C3-E9D0F277F625}.Release|x64.Build.0 = Release|Any CPU
		{614BD08D-35DC-4D18-A0C3-E9D0F277F625}.Release|x86.ActiveCfg = Release|Any CPU
		{614BD08D-35DC-4D18-A0C3-E9D0F277F625}.Release|x86.Build.0 = Release|Any CPU
		{9F9A13F6-BFBD-473D-8329-80922852EBF8}.Debug|Any CPU.ActiveCfg = Debug|Any CPU
		{9F9A13F6-BFBD-473D-8329-80922852EBF8}.Debug|Any CPU.Build.0 = Debug|Any CPU
		{9F9A13F6-BFBD-473D-8329-80922852EBF8}.Debug|x64.ActiveCfg = Debug|Any CPU
		{9F9A13F6-BFBD-473D-8329-80922852EBF8}.Debug|x64.Build.0 = Debug|Any CPU
		{9F9A13F6-BFBD-473D-8329-80922852EBF8}.Debug|x86.ActiveCfg = Debug|Any CPU
		{9F9A13F6-BFBD-473D-8329-80922852EBF8}.Debug|x86.Build.0 = Debug|Any CPU
		{9F9A13F6-BFBD-473D-8329-80922852EBF8}.Release|Any CPU.ActiveCfg = Release|Any CPU
		{9F9A13F6-BFBD-473D-8329-80922852EBF8}.Release|Any CPU.Build.0 = Release|Any CPU
		{9F9A13F6-BFBD-473D-8329-80922852EBF8}.Release|x64.ActiveCfg = Release|Any CPU
		{9F9A13F6-BFBD-473D-8329-80922852EBF8}.Release|x64.Build.0 = Release|Any CPU
		{9F9A13F6-BFBD-473D-8329-80922852EBF8}.Release|x86.ActiveCfg = Release|Any CPU
		{9F9A13F6-BFBD-473D-8329-80922852EBF8}.Release|x86.Build.0 = Release|Any CPU
		{F787FE52-F998-4591-B9C6-FCC3789318C1}.Debug|Any CPU.ActiveCfg = Debug|Any CPU
		{F787FE52-F998-4591-B9C6-FCC3789318C1}.Debug|Any CPU.Build.0 = Debug|Any CPU
		{F787FE52-F998-4591-B9C6-FCC3789318C1}.Debug|x64.ActiveCfg = Debug|Any CPU
		{F787FE52-F998-4591-B9C6-FCC3789318C1}.Debug|x64.Build.0 = Debug|Any CPU
		{F787FE52-F998-4591-B9C6-FCC3789318C1}.Debug|x86.ActiveCfg = Debug|Any CPU
		{F787FE52-F998-4591-B9C6-FCC3789318C1}.Debug|x86.Build.0 = Debug|Any CPU
		{F787FE52-F998-4591-B9C6-FCC3789318C1}.Release|Any CPU.ActiveCfg = Release|Any CPU
		{F787FE52-F998-4591-B9C6-FCC3789318C1}.Release|Any CPU.Build.0 = Release|Any CPU
		{F787FE52-F998-4591-B9C6-FCC3789318C1}.Release|x64.ActiveCfg = Release|Any CPU
		{F787FE52-F998-4591-B9C6-FCC3789318C1}.Release|x64.Build.0 = Release|Any CPU
		{F787FE52-F998-4591-B9C6-FCC3789318C1}.Release|x86.ActiveCfg = Release|Any CPU
		{F787FE52-F998-4591-B9C6-FCC3789318C1}.Release|x86.Build.0 = Release|Any CPU
		{A82D4A5E-0187-4E9A-813B-12DEF2C7CF46}.Debug|Any CPU.ActiveCfg = Debug|Any CPU
		{A82D4A5E-0187-4E9A-813B-12DEF2C7CF46}.Debug|Any CPU.Build.0 = Debug|Any CPU
		{A82D4A5E-0187-4E9A-813B-12DEF2C7CF46}.Debug|x64.ActiveCfg = Debug|Any CPU
		{A82D4A5E-0187-4E9A-813B-12DEF2C7CF46}.Debug|x64.Build.0 = Debug|Any CPU
		{A82D4A5E-0187-4E9A-813B-12DEF2C7CF46}.Debug|x86.ActiveCfg = Debug|Any CPU
		{A82D4A5E-0187-4E9A-813B-12DEF2C7CF46}.Debug|x86.Build.0 = Debug|Any CPU
		{A82D4A5E-0187-4E9A-813B-12DEF2C7CF46}.Release|Any CPU.ActiveCfg = Release|Any CPU
		{A82D4A5E-0187-4E9A-813B-12DEF2C7CF46}.Release|Any CPU.Build.0 = Release|Any CPU
		{A82D4A5E-0187-4E9A-813B-12DEF2C7CF46}.Release|x64.ActiveCfg = Release|Any CPU
		{A82D4A5E-0187-4E9A-813B-12DEF2C7CF46}.Release|x64.Build.0 = Release|Any CPU
		{A82D4A5E-0187-4E9A-813B-12DEF2C7CF46}.Release|x86.ActiveCfg = Release|Any CPU
		{A82D4A5E-0187-4E9A-813B-12DEF2C7CF46}.Release|x86.Build.0 = Release|Any CPU
		{F466008E-9615-4F89-B163-00EC236F04EF}.Debug|Any CPU.ActiveCfg = Debug|Any CPU
		{F466008E-9615-4F89-B163-00EC236F04EF}.Debug|Any CPU.Build.0 = Debug|Any CPU
		{F466008E-9615-4F89-B163-00EC236F04EF}.Debug|x64.ActiveCfg = Debug|Any CPU
		{F466008E-9615-4F89-B163-00EC236F04EF}.Debug|x64.Build.0 = Debug|Any CPU
		{F466008E-9615-4F89-B163-00EC236F04EF}.Debug|x86.ActiveCfg = Debug|Any CPU
		{F466008E-9615-4F89-B163-00EC236F04EF}.Debug|x86.Build.0 = Debug|Any CPU
		{F466008E-9615-4F89-B163-00EC236F04EF}.Release|Any CPU.ActiveCfg = Release|Any CPU
		{F466008E-9615-4F89-B163-00EC236F04EF}.Release|Any CPU.Build.0 = Release|Any CPU
		{F466008E-9615-4F89-B163-00EC236F04EF}.Release|x64.ActiveCfg = Release|Any CPU
		{F466008E-9615-4F89-B163-00EC236F04EF}.Release|x64.Build.0 = Release|Any CPU
		{F466008E-9615-4F89-B163-00EC236F04EF}.Release|x86.ActiveCfg = Release|Any CPU
		{F466008E-9615-4F89-B163-00EC236F04EF}.Release|x86.Build.0 = Release|Any CPU
		{619BA4E4-9F49-4219-9689-FF0B96012611}.Debug|Any CPU.ActiveCfg = Debug|Any CPU
		{619BA4E4-9F49-4219-9689-FF0B96012611}.Debug|Any CPU.Build.0 = Debug|Any CPU
		{619BA4E4-9F49-4219-9689-FF0B96012611}.Debug|x64.ActiveCfg = Debug|Any CPU
		{619BA4E4-9F49-4219-9689-FF0B96012611}.Debug|x64.Build.0 = Debug|Any CPU
		{619BA4E4-9F49-4219-9689-FF0B96012611}.Debug|x86.ActiveCfg = Debug|Any CPU
		{619BA4E4-9F49-4219-9689-FF0B96012611}.Debug|x86.Build.0 = Debug|Any CPU
		{619BA4E4-9F49-4219-9689-FF0B96012611}.Release|Any CPU.ActiveCfg = Release|Any CPU
		{619BA4E4-9F49-4219-9689-FF0B96012611}.Release|Any CPU.Build.0 = Release|Any CPU
		{619BA4E4-9F49-4219-9689-FF0B96012611}.Release|x64.ActiveCfg = Release|Any CPU
		{619BA4E4-9F49-4219-9689-FF0B96012611}.Release|x64.Build.0 = Release|Any CPU
		{619BA4E4-9F49-4219-9689-FF0B96012611}.Release|x86.ActiveCfg = Release|Any CPU
		{619BA4E4-9F49-4219-9689-FF0B96012611}.Release|x86.Build.0 = Release|Any CPU
		{04590B3A-A47D-4680-A2B9-B664608512EE}.Debug|Any CPU.ActiveCfg = Debug|Any CPU
		{04590B3A-A47D-4680-A2B9-B664608512EE}.Debug|Any CPU.Build.0 = Debug|Any CPU
		{04590B3A-A47D-4680-A2B9-B664608512EE}.Debug|x64.ActiveCfg = Debug|Any CPU
		{04590B3A-A47D-4680-A2B9-B664608512EE}.Debug|x64.Build.0 = Debug|Any CPU
		{04590B3A-A47D-4680-A2B9-B664608512EE}.Debug|x86.ActiveCfg = Debug|Any CPU
		{04590B3A-A47D-4680-A2B9-B664608512EE}.Debug|x86.Build.0 = Debug|Any CPU
		{04590B3A-A47D-4680-A2B9-B664608512EE}.Release|Any CPU.ActiveCfg = Release|Any CPU
		{04590B3A-A47D-4680-A2B9-B664608512EE}.Release|Any CPU.Build.0 = Release|Any CPU
		{04590B3A-A47D-4680-A2B9-B664608512EE}.Release|x64.ActiveCfg = Release|Any CPU
		{04590B3A-A47D-4680-A2B9-B664608512EE}.Release|x64.Build.0 = Release|Any CPU
		{04590B3A-A47D-4680-A2B9-B664608512EE}.Release|x86.ActiveCfg = Release|Any CPU
		{04590B3A-A47D-4680-A2B9-B664608512EE}.Release|x86.Build.0 = Release|Any CPU
		{1A082B1C-5DFB-4C77-9B50-06270CA792A3}.Debug|Any CPU.ActiveCfg = Debug|Any CPU
		{1A082B1C-5DFB-4C77-9B50-06270CA792A3}.Debug|Any CPU.Build.0 = Debug|Any CPU
		{1A082B1C-5DFB-4C77-9B50-06270CA792A3}.Debug|x64.ActiveCfg = Debug|Any CPU
		{1A082B1C-5DFB-4C77-9B50-06270CA792A3}.Debug|x64.Build.0 = Debug|Any CPU
		{1A082B1C-5DFB-4C77-9B50-06270CA792A3}.Debug|x86.ActiveCfg = Debug|Any CPU
		{1A082B1C-5DFB-4C77-9B50-06270CA792A3}.Debug|x86.Build.0 = Debug|Any CPU
		{1A082B1C-5DFB-4C77-9B50-06270CA792A3}.Release|Any CPU.ActiveCfg = Release|Any CPU
		{1A082B1C-5DFB-4C77-9B50-06270CA792A3}.Release|Any CPU.Build.0 = Release|Any CPU
		{1A082B1C-5DFB-4C77-9B50-06270CA792A3}.Release|x64.ActiveCfg = Release|Any CPU
		{1A082B1C-5DFB-4C77-9B50-06270CA792A3}.Release|x64.Build.0 = Release|Any CPU
		{1A082B1C-5DFB-4C77-9B50-06270CA792A3}.Release|x86.ActiveCfg = Release|Any CPU
		{1A082B1C-5DFB-4C77-9B50-06270CA792A3}.Release|x86.Build.0 = Release|Any CPU
		{F8A1C128-E5ED-4672-BEC6-640720B56925}.Debug|Any CPU.ActiveCfg = Debug|Any CPU
		{F8A1C128-E5ED-4672-BEC6-640720B56925}.Debug|Any CPU.Build.0 = Debug|Any CPU
		{F8A1C128-E5ED-4672-BEC6-640720B56925}.Debug|x64.ActiveCfg = Debug|Any CPU
		{F8A1C128-E5ED-4672-BEC6-640720B56925}.Debug|x64.Build.0 = Debug|Any CPU
		{F8A1C128-E5ED-4672-BEC6-640720B56925}.Debug|x86.ActiveCfg = Debug|Any CPU
		{F8A1C128-E5ED-4672-BEC6-640720B56925}.Debug|x86.Build.0 = Debug|Any CPU
		{F8A1C128-E5ED-4672-BEC6-640720B56925}.Release|Any CPU.ActiveCfg = Release|Any CPU
		{F8A1C128-E5ED-4672-BEC6-640720B56925}.Release|Any CPU.Build.0 = Release|Any CPU
		{F8A1C128-E5ED-4672-BEC6-640720B56925}.Release|x64.ActiveCfg = Release|Any CPU
		{F8A1C128-E5ED-4672-BEC6-640720B56925}.Release|x64.Build.0 = Release|Any CPU
		{F8A1C128-E5ED-4672-BEC6-640720B56925}.Release|x86.ActiveCfg = Release|Any CPU
		{F8A1C128-E5ED-4672-BEC6-640720B56925}.Release|x86.Build.0 = Release|Any CPU
		{BF37A401-1ADF-4B94-9DE7-3BBA83B0C393}.Debug|Any CPU.ActiveCfg = Debug|Any CPU
		{BF37A401-1ADF-4B94-9DE7-3BBA83B0C393}.Debug|Any CPU.Build.0 = Debug|Any CPU
		{BF37A401-1ADF-4B94-9DE7-3BBA83B0C393}.Debug|x64.ActiveCfg = Debug|Any CPU
		{BF37A401-1ADF-4B94-9DE7-3BBA83B0C393}.Debug|x64.Build.0 = Debug|Any CPU
		{BF37A401-1ADF-4B94-9DE7-3BBA83B0C393}.Debug|x86.ActiveCfg = Debug|Any CPU
		{BF37A401-1ADF-4B94-9DE7-3BBA83B0C393}.Debug|x86.Build.0 = Debug|Any CPU
		{BF37A401-1ADF-4B94-9DE7-3BBA83B0C393}.Release|Any CPU.ActiveCfg = Release|Any CPU
		{BF37A401-1ADF-4B94-9DE7-3BBA83B0C393}.Release|Any CPU.Build.0 = Release|Any CPU
		{BF37A401-1ADF-4B94-9DE7-3BBA83B0C393}.Release|x64.ActiveCfg = Release|Any CPU
		{BF37A401-1ADF-4B94-9DE7-3BBA83B0C393}.Release|x64.Build.0 = Release|Any CPU
		{BF37A401-1ADF-4B94-9DE7-3BBA83B0C393}.Release|x86.ActiveCfg = Release|Any CPU
		{BF37A401-1ADF-4B94-9DE7-3BBA83B0C393}.Release|x86.Build.0 = Release|Any CPU
        {B4EB6E69-4D7E-4F61-AD61-C9A9F16FB836}.Debug|Any CPU.ActiveCfg = Debug|Any CPU
        {B4EB6E69-4D7E-4F61-AD61-C9A9F16FB836}.Debug|Any CPU.Build.0 = Debug|Any CPU
        {B4EB6E69-4D7E-4F61-AD61-C9A9F16FB836}.Debug|x64.ActiveCfg = Debug|Any CPU
        {B4EB6E69-4D7E-4F61-AD61-C9A9F16FB836}.Debug|x64.Build.0 = Debug|Any CPU
        {B4EB6E69-4D7E-4F61-AD61-C9A9F16FB836}.Debug|x86.ActiveCfg = Debug|Any CPU
        {B4EB6E69-4D7E-4F61-AD61-C9A9F16FB836}.Debug|x86.Build.0 = Debug|Any CPU
        {B4EB6E69-4D7E-4F61-AD61-C9A9F16FB836}.Release|Any CPU.ActiveCfg = Release|Any CPU
        {B4EB6E69-4D7E-4F61-AD61-C9A9F16FB836}.Release|Any CPU.Build.0 = Release|Any CPU
        {B4EB6E69-4D7E-4F61-AD61-C9A9F16FB836}.Release|x64.ActiveCfg = Release|Any CPU
        {B4EB6E69-4D7E-4F61-AD61-C9A9F16FB836}.Release|x64.Build.0 = Release|Any CPU
        {B4EB6E69-4D7E-4F61-AD61-C9A9F16FB836}.Release|x86.ActiveCfg = Release|Any CPU
        {B4EB6E69-4D7E-4F61-AD61-C9A9F16FB836}.Release|x86.Build.0 = Release|Any CPU
        {B9D96FCC-C027-497A-9978-ECEB2634BDE8}.Debug|Any CPU.ActiveCfg = Debug|Any CPU
        {B9D96FCC-C027-497A-9978-ECEB2634BDE8}.Debug|Any CPU.Build.0 = Debug|Any CPU
        {B9D96FCC-C027-497A-9978-ECEB2634BDE8}.Debug|x64.ActiveCfg = Debug|Any CPU
        {B9D96FCC-C027-497A-9978-ECEB2634BDE8}.Debug|x64.Build.0 = Debug|Any CPU
        {B9D96FCC-C027-497A-9978-ECEB2634BDE8}.Debug|x86.ActiveCfg = Debug|Any CPU
        {B9D96FCC-C027-497A-9978-ECEB2634BDE8}.Debug|x86.Build.0 = Debug|Any CPU
        {B9D96FCC-C027-497A-9978-ECEB2634BDE8}.Release|Any CPU.ActiveCfg = Release|Any CPU
        {B9D96FCC-C027-497A-9978-ECEB2634BDE8}.Release|Any CPU.Build.0 = Release|Any CPU
        {B9D96FCC-C027-497A-9978-ECEB2634BDE8}.Release|x64.ActiveCfg = Release|Any CPU
        {B9D96FCC-C027-497A-9978-ECEB2634BDE8}.Release|x64.Build.0 = Release|Any CPU
        {B9D96FCC-C027-497A-9978-ECEB2634BDE8}.Release|x86.ActiveCfg = Release|Any CPU
        {B9D96FCC-C027-497A-9978-ECEB2634BDE8}.Release|x86.Build.0 = Release|Any CPU
        {252BC5EF-D345-4441-813E-9BBC0C30648A}.Debug|Any CPU.ActiveCfg = Debug|Any CPU
        {252BC5EF-D345-4441-813E-9BBC0C30648A}.Debug|Any CPU.Build.0 = Debug|Any CPU
        {252BC5EF-D345-4441-813E-9BBC0C30648A}.Debug|x64.ActiveCfg = Debug|Any CPU
        {252BC5EF-D345-4441-813E-9BBC0C30648A}.Debug|x64.Build.0 = Debug|Any CPU
        {252BC5EF-D345-4441-813E-9BBC0C30648A}.Debug|x86.ActiveCfg = Debug|Any CPU
        {252BC5EF-D345-4441-813E-9BBC0C30648A}.Debug|x86.Build.0 = Debug|Any CPU
        {252BC5EF-D345-4441-813E-9BBC0C30648A}.Release|Any CPU.ActiveCfg = Release|Any CPU
        {252BC5EF-D345-4441-813E-9BBC0C30648A}.Release|Any CPU.Build.0 = Release|Any CPU
        {252BC5EF-D345-4441-813E-9BBC0C30648A}.Release|x64.ActiveCfg = Release|Any CPU
        {252BC5EF-D345-4441-813E-9BBC0C30648A}.Release|x64.Build.0 = Release|Any CPU
        {252BC5EF-D345-4441-813E-9BBC0C30648A}.Release|x86.ActiveCfg = Release|Any CPU
        {252BC5EF-D345-4441-813E-9BBC0C30648A}.Release|x86.Build.0 = Release|Any CPU
	EndGlobalSection
EndGlobal
